{
  "name": "react-fireworks",
  "version": "1.0.0",
  "lockfileVersion": 1,
  "requires": true,
  "dependencies": {
    "amdefine": {
      "version": "1.0.1",
      "resolved": "https://registry.npmjs.org/amdefine/-/amdefine-1.0.1.tgz",
      "integrity": "sha1-SlKCrBZHKek2Gbz9OtFR+BfOkfU=",
      "dev": true
    },
    "ast-types": {
      "version": "0.6.16",
      "resolved": "https://registry.npmjs.org/ast-types/-/ast-types-0.6.16.tgz",
      "integrity": "sha1-BCBbcu3dGVqP6qCB8R0ClKJN7ZM=",
      "dev": true
    },
    "d": {
      "version": "1.0.0",
      "resolved": "https://registry.npmjs.org/d/-/d-1.0.0.tgz",
      "integrity": "sha1-dUu1v+VUUdpppYuU1F9MWwRi1Y8=",
      "dev": true,
      "requires": {
        "es5-ext": "^0.10.9"
      }
    },
    "es5-ext": {
      "version": "0.10.45",
      "resolved": "https://registry.npmjs.org/es5-ext/-/es5-ext-0.10.45.tgz",
      "integrity": "sha512-FkfM6Vxxfmztilbxxz5UKSD4ICMf5tSpRFtDNtkAhOxZ0EKtX6qwmXNyH/sFyIbX2P/nU5AMiA9jilWsUGJzCQ==",
      "dev": true,
      "requires": {
        "es6-iterator": "~2.0.3",
        "es6-symbol": "~3.1.1",
        "next-tick": "1"
      }
    },
    "es6-iterator": {
      "version": "2.0.3",
      "resolved": "https://registry.npmjs.org/es6-iterator/-/es6-iterator-2.0.3.tgz",
      "integrity": "sha1-p96IkUGgWpSwhUQDstCg+/qY87c=",
      "dev": true,
      "requires": {
        "d": "1",
        "es5-ext": "^0.10.35",
        "es6-symbol": "^3.1.1"
      }
    },
    "es6-symbol": {
      "version": "3.1.1",
      "resolved": "https://registry.npmjs.org/es6-symbol/-/es6-symbol-3.1.1.tgz",
      "integrity": "sha1-vwDvT9q2uhtG7Le2KbTH7VcVzHc=",
      "dev": true,
      "requires": {
        "d": "1",
        "es5-ext": "~0.10.14"
      }
    },
    "es6-template-strings": {
      "version": "1.0.0",
      "resolved": "https://registry.npmjs.org/es6-template-strings/-/es6-template-strings-1.0.0.tgz",
      "integrity": "sha1-M6zUtfyCSIpXbqUld37fPm7Nu98=",
      "dev": true,
      "requires": {
        "es5-ext": "^0.10.7"
      }
    },
    "es6-templates": {
      "version": "0.2.2",
      "resolved": "https://registry.npmjs.org/es6-templates/-/es6-templates-0.2.2.tgz",
      "integrity": "sha1-0ToCsFL3SJGzCaAgQ7x7PWoj9Z8=",
      "dev": true,
      "requires": {
        "recast": "~0.9.11",
        "through": "~2.3.6"
      }
    },
    "esprima-fb": {
      "version": "10001.1.0-dev-harmony-fb",
      "resolved": "https://registry.npmjs.org/esprima-fb/-/esprima-fb-10001.1.0-dev-harmony-fb.tgz",
      "integrity": "sha1-9++0UtPIAG3eazxZZ4YE9xFKiCw=",
      "dev": true
    },
    "next-tick": {
      "version": "1.0.0",
      "resolved": "https://registry.npmjs.org/next-tick/-/next-tick-1.0.0.tgz",
      "integrity": "sha1-yobR/ogoFpsBICCOPchCS524NCw=",
      "dev": true
    },
    "node-readme": {
      "version": "0.1.9",
      "resolved": "https://registry.npmjs.org/node-readme/-/node-readme-0.1.9.tgz",
      "integrity": "sha1-VykO32WLQMiVQJh0o2WrsLkUdLk=",
      "dev": true,
      "requires": {
        "es6-template-strings": "1.0.0",
        "es6-templates": "0.2.2",
        "oss-license-name-to-url": "1.2.1"
      }
    },
    "osi-licenses": {
      "version": "0.1.1",
      "resolved": "https://registry.npmjs.org/osi-licenses/-/osi-licenses-0.1.1.tgz",
      "integrity": "sha1-YqAoct7CMGwM+5Qfc6gLrh7imlg=",
      "dev": true
    },
    "oss-license-name-to-url": {
      "version": "1.2.1",
      "resolved": "https://registry.npmjs.org/oss-license-name-to-url/-/oss-license-name-to-url-1.2.1.tgz",
      "integrity": "sha1-dzsFJFBvRy5xDT9D72fBnKIoVCM=",
      "dev": true,
      "requires": {
        "osi-licenses": "^0.1.0"
      }
    },
    "private": {
      "version": "0.1.8",
      "resolved": "https://registry.npmjs.org/private/-/private-0.1.8.tgz",
      "integrity": "sha512-VvivMrbvd2nKkiG38qjULzlc+4Vx4wm/whI9pQD35YrARNnhxeiRktSOhSukRLFNlzg6Br/cJPet5J/u19r/mg==",
      "dev": true
    },
    "recast": {
      "version": "0.9.18",
      "resolved": "https://registry.npmjs.org/recast/-/recast-0.9.18.tgz",
      "integrity": "sha1-9wkhu59zfY4fsGpEAxW9fsFFh8k=",
      "dev": true,
      "requires": {
        "ast-types": "~0.6.1",
        "esprima-fb": "~10001.1.0-dev-harmony-fb",
        "private": "~0.1.5",
        "source-map": "~0.1.40"
      }
    },
    "source-map": {
      "version": "0.1.43",
      "resolved": "https://registry.npmjs.org/source-map/-/source-map-0.1.43.tgz",
      "integrity": "sha1-wkvBRspRfBRx9drL4lcbK3+eM0Y=",
      "dev": true,
      "requires": {
        "amdefine": ">=0.0.4"
      }
    },
    "through": {
      "version": "2.3.8",
      "resolved": "https://registry.npmjs.org/through/-/through-2.3.8.tgz",
      "integrity": "sha1-DdTJ/6q8NXlgsbckEV1+Doai4fU=",
      "dev": true
    }
  }
}
